
Microsoft Visual Studio Solution File, Format Version 12.00
# Visual Studio Version 17
VisualStudioVersion = 17.7.34024.191
MinimumVisualStudioVersion = 10.0.40219.1
Project("{FAE04EC0-301F-11D3-BF4B-00C04F79EFBC}") = "Celikoor_KelvienTheDestroyer", "Celikoor_Kel14\Celikoor_KelvienTheDestroyer.csproj", "{B73A5B71-0051-4658-9A65-5DF6DA518E8F}"
EndProject
Project("{FAE04EC0-301F-11D3-BF4B-00C04F79EFBC}") = "KelvienTheDestroyerLIB", "KelvienTheDestroyerLIB\KelvienTheDestroyerLIB.csproj", "{A0308E05-62A8-4794-A381-5D717B18E638}"
EndProject
Global
	GlobalSection(SolutionConfigurationPlatforms) = preSolution
		Debug|Any CPU = Debug|Any CPU
		Release|Any CPU = Release|Any CPU
	EndGlobalSection
	GlobalSection(ProjectConfigurationPlatforms) = postSolution
		{B73A5B71-0051-4658-9A65-5DF6DA518E8F}.Debug|Any CPU.ActiveCfg = Debug|Any CPU
		{B73A5B71-0051-4658-9A65-5DF6DA518E8F}.Debug|Any CPU.Build.0 = Debug|Any CPU
		{B73A5B71-0051-4658-9A65-5DF6DA518E8F}.Release|Any CPU.ActiveCfg = Release|Any CPU
		{B73A5B71-0051-4658-9A65-5DF6DA518E8F}.Release|Any CPU.Build.0 = Release|Any CPU
		{A0308E05-62A8-4794-A381-5D717B18E638}.Debug|Any CPU.ActiveCfg = Debug|Any CPU
		{A0308E05-62A8-4794-A381-5D717B18E638}.Debug|Any CPU.Build.0 = Debug|Any CPU
		{A0308E05-62A8-4794-A381-5D717B18E638}.Release|Any CPU.ActiveCfg = Release|Any CPU
		{A0308E05-62A8-4794-A381-5D717B18E638}.Release|Any CPU.Build.0 = Release|Any CPU
	EndGlobalSection
	GlobalSection(SolutionProperties) = preSolution
		HideSolutionNode = FALSE
	EndGlobalSection
	GlobalSection(ExtensibilityGlobals) = postSolution
		SolutionGuid = {A7603F27-531F-452B-83CF-5396072FFFCE}
	EndGlobalSection
EndGlobal
